
Microsoft Visual Studio Solution File, Format Version 12.00
# Visual Studio Version 17
VisualStudioVersion = 17.9.34622.214
MinimumVisualStudioVersion = 10.0.40219.1
Project("{9A19103F-16F7-4668-BE54-9A1E7A4F7556}") = "backlogged.MVC", "backlogged.MVC\backlogged.MVC.csproj", "{C2D54ED3-0AA2-4ED2-B3F8-3A3BA62A13EB}"
EndProject
Project("{FAE04EC0-301F-11D3-BF4B-00C04F79EFBC}") = "backlogged.API", "backloggd.API\backlogged.API.csproj", "{442D3A76-7E0F-4736-A6BE-611D6A6DE20C}"
EndProject
Project("{FAE04EC0-301F-11D3-BF4B-00C04F79EFBC}") = "backlogged.Utility", "backlogged.Utility\backlogged.Utility.csproj", "{026E6A49-5F09-4391-A552-4E0819914122}"
EndProject
Project("{FAE04EC0-301F-11D3-BF4B-00C04F79EFBC}") = "backlogged.Core", "backlogged.Core\backlogged.Core.csproj", "{A9A00D03-D398-4EFE-801A-01B15BBA3AA9}"
EndProject
Project("{FAE04EC0-301F-11D3-BF4B-00C04F79EFBC}") = "backlogged.Repostiory", "backlogged.Repostiory\backlogged.Repostiory.csproj", "{A6138A5A-FA28-4625-A292-98A496372B7F}"
EndProject
Global
	GlobalSection(SolutionConfigurationPlatforms) = preSolution
		Debug|Any CPU = Debug|Any CPU
		Release|Any CPU = Release|Any CPU
	EndGlobalSection
	GlobalSection(ProjectConfigurationPlatforms) = postSolution
		{C2D54ED3-0AA2-4ED2-B3F8-3A3BA62A13EB}.Debug|Any CPU.ActiveCfg = Debug|Any CPU
		{C2D54ED3-0AA2-4ED2-B3F8-3A3BA62A13EB}.Debug|Any CPU.Build.0 = Debug|Any CPU
		{C2D54ED3-0AA2-4ED2-B3F8-3A3BA62A13EB}.Release|Any CPU.ActiveCfg = Release|Any CPU
		{C2D54ED3-0AA2-4ED2-B3F8-3A3BA62A13EB}.Release|Any CPU.Build.0 = Release|Any CPU
		{442D3A76-7E0F-4736-A6BE-611D6A6DE20C}.Debug|Any CPU.ActiveCfg = Debug|Any CPU
		{442D3A76-7E0F-4736-A6BE-611D6A6DE20C}.Debug|Any CPU.Build.0 = Debug|Any CPU
		{442D3A76-7E0F-4736-A6BE-611D6A6DE20C}.Release|Any CPU.ActiveCfg = Release|Any CPU
		{442D3A76-7E0F-4736-A6BE-611D6A6DE20C}.Release|Any CPU.Build.0 = Release|Any CPU
		{026E6A49-5F09-4391-A552-4E0819914122}.Debug|Any CPU.ActiveCfg = Debug|Any CPU
		{026E6A49-5F09-4391-A552-4E0819914122}.Debug|Any CPU.Build.0 = Debug|Any CPU
		{026E6A49-5F09-4391-A552-4E0819914122}.Release|Any CPU.ActiveCfg = Release|Any CPU
		{026E6A49-5F09-4391-A552-4E0819914122}.Release|Any CPU.Build.0 = Release|Any CPU
		{A9A00D03-D398-4EFE-801A-01B15BBA3AA9}.Debug|Any CPU.ActiveCfg = Debug|Any CPU
		{A9A00D03-D398-4EFE-801A-01B15BBA3AA9}.Debug|Any CPU.Build.0 = Debug|Any CPU
		{A9A00D03-D398-4EFE-801A-01B15BBA3AA9}.Release|Any CPU.ActiveCfg = Release|Any CPU
		{A9A00D03-D398-4EFE-801A-01B15BBA3AA9}.Release|Any CPU.Build.0 = Release|Any CPU
		{A6138A5A-FA28-4625-A292-98A496372B7F}.Debug|Any CPU.ActiveCfg = Debug|Any CPU
		{A6138A5A-FA28-4625-A292-98A496372B7F}.Debug|Any CPU.Build.0 = Debug|Any CPU
		{A6138A5A-FA28-4625-A292-98A496372B7F}.Release|Any CPU.ActiveCfg = Release|Any CPU
		{A6138A5A-FA28-4625-A292-98A496372B7F}.Release|Any CPU.Build.0 = Release|Any CPU
	EndGlobalSection
	GlobalSection(SolutionProperties) = preSolution
		HideSolutionNode = FALSE
	EndGlobalSection
	GlobalSection(ExtensibilityGlobals) = postSolution
		SolutionGuid = {4D046311-E442-42A8-9DF3-77FBF0E8E61A}
	EndGlobalSection
EndGlobal
